
Microsoft Visual Studio Solution File, Format Version 12.00
# Visual Studio 15
Project("{FAE04EC0-301F-11D3-BF4B-00C04F79EFBC}") = "Assembly-CSharp", "Assembly-CSharp.csproj", "{ACE2E37D-E8FA-49F5-1A36-1FFB74B0B79C}"
EndProject
Project("{FAE04EC0-301F-11D3-BF4B-00C04F79EFBC}") = "Assembly-CSharp-Editor", "Assembly-CSharp-Editor.csproj", "{01343CCF-622A-F4DE-AE33-3F41C912CA81}"
EndProject
Global
	GlobalSection(SolutionConfigurationPlatforms) = preSolution
		Debug|Any CPU = Debug|Any CPU
		Release|Any CPU = Release|Any CPU
	EndGlobalSection
	GlobalSection(ProjectConfigurationPlatforms) = postSolution
		{ACE2E37D-E8FA-49F5-1A36-1FFB74B0B79C}.Debug|Any CPU.ActiveCfg = Debug|Any CPU
		{ACE2E37D-E8FA-49F5-1A36-1FFB74B0B79C}.Debug|Any CPU.Build.0 = Debug|Any CPU
		{ACE2E37D-E8FA-49F5-1A36-1FFB74B0B79C}.Release|Any CPU.ActiveCfg = Release|Any CPU
		{ACE2E37D-E8FA-49F5-1A36-1FFB74B0B79C}.Release|Any CPU.Build.0 = Release|Any CPU
		{01343CCF-622A-F4DE-AE33-3F41C912CA81}.Debug|Any CPU.ActiveCfg = Debug|Any CPU
		{01343CCF-622A-F4DE-AE33-3F41C912CA81}.Debug|Any CPU.Build.0 = Debug|Any CPU
		{01343CCF-622A-F4DE-AE33-3F41C912CA81}.Release|Any CPU.ActiveCfg = Release|Any CPU
		{01343CCF-622A-F4DE-AE33-3F41C912CA81}.Release|Any CPU.Build.0 = Release|Any CPU
	EndGlobalSection
	GlobalSection(SolutionProperties) = preSolution
		HideSolutionNode = FALSE
	EndGlobalSection
EndGlobal
